
Microsoft Visual Studio Solution File, Format Version 12.00
Project("{FAE04EC0-301F-11D3-BF4B-00C04F79EFBC}") = "WorldCities", "WorldCities\WorldCities.csproj", "{A411E1DA-6B38-4C51-9B11-271FD1D7A7A4}"
EndProject
Global
	GlobalSection(SolutionConfigurationPlatforms) = preSolution
		Debug|Any CPU = Debug|Any CPU
		Release|Any CPU = Release|Any CPU
	EndGlobalSection
	GlobalSection(ProjectConfigurationPlatforms) = postSolution
		{A411E1DA-6B38-4C51-9B11-271FD1D7A7A4}.Debug|Any CPU.ActiveCfg = Debug|Any CPU
		{A411E1DA-6B38-4C51-9B11-271FD1D7A7A4}.Debug|Any CPU.Build.0 = Debug|Any CPU
		{A411E1DA-6B38-4C51-9B11-271FD1D7A7A4}.Release|Any CPU.ActiveCfg = Release|Any CPU
		{A411E1DA-6B38-4C51-9B11-271FD1D7A7A4}.Release|Any CPU.Build.0 = Release|Any CPU
	EndGlobalSection
EndGlobal
